{
    "packages": {
        "nalgeon/example": {
            "owner": "nalgeon",
            "name": "example",
            "version": "",
            "specfile": "./testdata/version/remote/sqlpkg.json",
            "assets": {
                "path": "./testdata/version/remote/",
                "files": {
                    "darwin-amd64": "example.dylib",
                    "darwin-arm64": "example.dylib",
                    "linux-amd64": "example.so",
                    "windows-amd64": "example.dll"
                }
            }
        }
    }
}